{
  "name": "@audiorecorder/worker_audio",
  "version": "1.0.0",
  "lockfileVersion": 3,
  "requires": true,
  "packages": {
    "": {
      "name": "@audiorecorder/worker_audio",
      "version": "1.0.0",
      "license": "ISC",
      "dependencies": {
        "@audiorecorder/worker_audio": "file:"
      }
    },
    "node_modules/@audiorecorder/worker_audio": {
      "resolved": "",
      "link": true
    }
  }
}
