{
  "name": "@audiorecorder/worker_silero",
  "version": "1.0.0",
  "lockfileVersion": 3,
  "requires": true,
  "packages": {
    "": {
      "name": "@audiorecorder/worker_silero",
      "version": "1.0.0",
      "license": "ISC",
      "dependencies": {
        "@audiorecorder/common": "file:",
        "@audiorecorder/worker_silero": "file:"
      },
      "peerDependencies": {
        "@audiorecorder/common": "file:"
      }
    },
    "node_modules/@audiorecorder/common": {
      "resolved": "",
      "link": true
    },
    "node_modules/@audiorecorder/worker_silero": {
      "resolved": "",
      "link": true
    }
  }
}
